{
  "object": {
    "pins": [
      {
        "package": "Alamofire",
        "repositoryURL": "https://github.com/Alamofire/Alamofire",
        "state": {
          "branch": null,
          "revision": "354dda32d89fc8cd4f5c46487f64957d355f53d8",
          "version": "5.6.1"
        }
      },
      {
        "package": "MarkdownKit",
        "repositoryURL": "https://github.com/bmoliveira/MarkdownKit",
        "state": {
          "branch": null,
          "revision": "5056f3305d3499f44d8815530d560b87082e0cf5",
          "version": "1.7.1"
        }
      },
      {
        "package": "SocketIO",
        "repositoryURL": "https://github.com/socketio/socket.io-client-swift",
        "state": {
          "branch": null,
          "revision": "36db2ff0ebc7239187f9b382fd318e122da71caa",
          "version": "15.2.0"
        }
      },
      {
        "package": "Starscream",
        "repositoryURL": "https://github.com/daltoniam/Starscream",
        "state": {
          "branch": null,
          "revision": "a063fda2b8145a231953c20e7a646be254365396",
          "version": "3.1.2"
        }
      },
      {
        "package": "SwiftSoup",
        "repositoryURL": "https://github.com/scinfu/SwiftSoup",
        "state": {
          "branch": null,
          "revision": "f707b8680cddb96dc1855632340a572ef37bbb98",
          "version": "2.5.3"
        }
      }
    ]
  },
  "version": 1
}
