{
  "object": {
    "pins": [
      {
        "package": "Alamofire",
        "repositoryURL": "https://github.com/Alamofire/Alamofire",
        "state": {
          "branch": null,
          "revision": "354dda32d89fc8cd4f5c46487f64957d355f53d8",
          "version": "5.6.1"
        }
      },
      {
        "package": "MarkdownKit",
        "repositoryURL": "https://github.com/bmoliveira/MarkdownKit",
        "state": {
          "branch": null,
          "revision": "5056f3305d3499f44d8815530d560b87082e0cf5",
          "version": "1.7.1"
        }
      },
      {
        "package": "SocketIO",
        "repositoryURL": "https://github.com/socketio/socket.io-client-swift",
        "state": {
          "branch": null,
          "revision": "6b80f75ec83d5711f7f7c37e19c935c7af39e724",
          "version": "16.0.0"
        }
      },
      {
        "package": "Starscream",
        "repositoryURL": "https://github.com/daltoniam/Starscream",
        "state": {
          "branch": null,
          "revision": "df8d82047f6654d8e4b655d1b1525c64e1059d21",
          "version": "4.0.4"
        }
      },
      {
        "package": "SwiftSoup",
        "repositoryURL": "https://github.com/scinfu/SwiftSoup",
        "state": {
          "branch": null,
          "revision": "f707b8680cddb96dc1855632340a572ef37bbb98",
          "version": "2.5.3"
        }
      }
    ]
  },
  "version": 1
}
